
Microsoft Visual Studio Solution File, Format Version 12.00
# Visual Studio Version 17
VisualStudioVersion = 17.7.34031.279
MinimumVisualStudioVersion = 10.0.40219.1
Project("{2150E333-8FDC-42A3-9474-1A3956D46DE8}") = "src", "src", "{CAB6D4B6-EDF0-42D1-8DA5-0017F2AEEDBD}"
EndProject
Project("{2150E333-8FDC-42A3-9474-1A3956D46DE8}") = "tests", "tests", "{F9C4D30A-F41D-48E1-A42D-9CA860C2EBC0}"
EndProject
Project("{9A19103F-16F7-4668-BE54-9A1E7A4F7556}") = "ArithmeticCalculatorOperationApi", "src\ArithmeticCalculatorOperationApi.Api\ArithmeticCalculatorOperationApi.csproj", "{B4F4F49A-5914-4129-B704-E9DA38866066}"
EndProject
Project("{9A19103F-16F7-4668-BE54-9A1E7A4F7556}") = "ArithmeticCalculatorOperationApi.Domain", "src\ArithmeticCalculatorOperationApi.Domain\ArithmeticCalculatorOperationApi.Domain.csproj", "{DAE252D3-640F-458C-B692-E68C4306F4B2}"
EndProject
Project("{9A19103F-16F7-4668-BE54-9A1E7A4F7556}") = "ArithmeticCalculatorOperationApi.Infrastructure", "src\ArithmeticCalculatorOperationApi.Infrastructure\ArithmeticCalculatorOperationApi.Infrastructure.csproj", "{DB2BA289-B79F-47D3-9E02-44FF101417CE}"
EndProject
Global
	GlobalSection(SolutionConfigurationPlatforms) = preSolution
		Debug|Any CPU = Debug|Any CPU
		Release|Any CPU = Release|Any CPU
	EndGlobalSection
	GlobalSection(ProjectConfigurationPlatforms) = postSolution
		{B4F4F49A-5914-4129-B704-E9DA38866066}.Debug|Any CPU.ActiveCfg = Debug|Any CPU
		{B4F4F49A-5914-4129-B704-E9DA38866066}.Debug|Any CPU.Build.0 = Debug|Any CPU
		{B4F4F49A-5914-4129-B704-E9DA38866066}.Release|Any CPU.ActiveCfg = Release|Any CPU
		{B4F4F49A-5914-4129-B704-E9DA38866066}.Release|Any CPU.Build.0 = Release|Any CPU
		{DAE252D3-640F-458C-B692-E68C4306F4B2}.Debug|Any CPU.ActiveCfg = Debug|Any CPU
		{DAE252D3-640F-458C-B692-E68C4306F4B2}.Debug|Any CPU.Build.0 = Debug|Any CPU
		{DAE252D3-640F-458C-B692-E68C4306F4B2}.Release|Any CPU.ActiveCfg = Release|Any CPU
		{DAE252D3-640F-458C-B692-E68C4306F4B2}.Release|Any CPU.Build.0 = Release|Any CPU
		{DB2BA289-B79F-47D3-9E02-44FF101417CE}.Debug|Any CPU.ActiveCfg = Debug|Any CPU
		{DB2BA289-B79F-47D3-9E02-44FF101417CE}.Debug|Any CPU.Build.0 = Debug|Any CPU
		{DB2BA289-B79F-47D3-9E02-44FF101417CE}.Release|Any CPU.ActiveCfg = Release|Any CPU
		{DB2BA289-B79F-47D3-9E02-44FF101417CE}.Release|Any CPU.Build.0 = Release|Any CPU
	EndGlobalSection
	GlobalSection(SolutionProperties) = preSolution
		HideSolutionNode = FALSE
	EndGlobalSection
	GlobalSection(NestedProjects) = preSolution
		{B4F4F49A-5914-4129-B704-E9DA38866066} = {CAB6D4B6-EDF0-42D1-8DA5-0017F2AEEDBD}
		{DAE252D3-640F-458C-B692-E68C4306F4B2} = {CAB6D4B6-EDF0-42D1-8DA5-0017F2AEEDBD}
		{DB2BA289-B79F-47D3-9E02-44FF101417CE} = {CAB6D4B6-EDF0-42D1-8DA5-0017F2AEEDBD}
	EndGlobalSection
	GlobalSection(ExtensibilityGlobals) = postSolution
		SolutionGuid = {365B62F0-A4AA-47B6-B938-A694DCE6355F}
	EndGlobalSection
EndGlobal
