
Microsoft Visual Studio Solution File, Format Version 12.00
# Visual Studio Version 17
VisualStudioVersion = 17.7.34031.279
MinimumVisualStudioVersion = 10.0.40219.1
Project("{9A19103F-16F7-4668-BE54-9A1E7A4F7556}") = "ArithmeticCalculatorOperationApi", "ArithmeticCalculatorOperationApi.Api\ArithmeticCalculatorOperationApi.csproj", "{B3BBBAF5-4750-4A49-88D8-05B3E474EC63}"
EndProject
Project("{9A19103F-16F7-4668-BE54-9A1E7A4F7556}") = "ArithmeticCalculatorOperationApi.Domain", "ArithmeticCalculatorOperationApi.Domain\ArithmeticCalculatorOperationApi.Domain.csproj", "{5CF639EF-FD29-4EC2-BECC-B1845920A518}"
EndProject
Project("{9A19103F-16F7-4668-BE54-9A1E7A4F7556}") = "ArithmeticCalculatorOperationApi.Infrastructure", "ArithmeticCalculatorOperationApi.Infrastructure\ArithmeticCalculatorOperationApi.Infrastructure.csproj", "{E9F2D66E-11E4-4FEE-AD52-C1F92EFB29BE}"
EndProject
Global
	GlobalSection(SolutionConfigurationPlatforms) = preSolution
		Debug|Any CPU = Debug|Any CPU
		Release|Any CPU = Release|Any CPU
	EndGlobalSection
	GlobalSection(ProjectConfigurationPlatforms) = postSolution
		{B3BBBAF5-4750-4A49-88D8-05B3E474EC63}.Debug|Any CPU.ActiveCfg = Debug|Any CPU
		{B3BBBAF5-4750-4A49-88D8-05B3E474EC63}.Debug|Any CPU.Build.0 = Debug|Any CPU
		{B3BBBAF5-4750-4A49-88D8-05B3E474EC63}.Release|Any CPU.ActiveCfg = Release|Any CPU
		{B3BBBAF5-4750-4A49-88D8-05B3E474EC63}.Release|Any CPU.Build.0 = Release|Any CPU
		{5CF639EF-FD29-4EC2-BECC-B1845920A518}.Debug|Any CPU.ActiveCfg = Debug|Any CPU
		{5CF639EF-FD29-4EC2-BECC-B1845920A518}.Debug|Any CPU.Build.0 = Debug|Any CPU
		{5CF639EF-FD29-4EC2-BECC-B1845920A518}.Release|Any CPU.ActiveCfg = Release|Any CPU
		{5CF639EF-FD29-4EC2-BECC-B1845920A518}.Release|Any CPU.Build.0 = Release|Any CPU
		{E9F2D66E-11E4-4FEE-AD52-C1F92EFB29BE}.Debug|Any CPU.ActiveCfg = Debug|Any CPU
		{E9F2D66E-11E4-4FEE-AD52-C1F92EFB29BE}.Debug|Any CPU.Build.0 = Debug|Any CPU
		{E9F2D66E-11E4-4FEE-AD52-C1F92EFB29BE}.Release|Any CPU.ActiveCfg = Release|Any CPU
		{E9F2D66E-11E4-4FEE-AD52-C1F92EFB29BE}.Release|Any CPU.Build.0 = Release|Any CPU
	EndGlobalSection
	GlobalSection(SolutionProperties) = preSolution
		HideSolutionNode = FALSE
	EndGlobalSection
	GlobalSection(ExtensibilityGlobals) = postSolution
		SolutionGuid = {365B62F0-A4AA-47B6-B938-A694DCE6355F}
	EndGlobalSection
EndGlobal
